
Microsoft Visual Studio Solution File, Format Version 12.00
# Visual Studio Version 17
VisualStudioVersion = 17.5.002.0
MinimumVisualStudioVersion = 10.0.40219.1
Project("{9A19103F-16F7-4668-BE54-9A1E7A4F7556}") = "backend", "backend.csproj", "{13B8091F-0A10-49DF-A1E8-92797968398B}"
EndProject
Global
	GlobalSection(SolutionConfigurationPlatforms) = preSolution
		Debug|Any CPU = Debug|Any CPU
		Release|Any CPU = Release|Any CPU
	EndGlobalSection
	GlobalSection(ProjectConfigurationPlatforms) = postSolution
		{13B8091F-0A10-49DF-A1E8-92797968398B}.Debug|Any CPU.ActiveCfg = Debug|Any CPU
		{13B8091F-0A10-49DF-A1E8-92797968398B}.Debug|Any CPU.Build.0 = Debug|Any CPU
		{13B8091F-0A10-49DF-A1E8-92797968398B}.Release|Any CPU.ActiveCfg = Release|Any CPU
		{13B8091F-0A10-49DF-A1E8-92797968398B}.Release|Any CPU.Build.0 = Release|Any CPU
	EndGlobalSection
	GlobalSection(SolutionProperties) = preSolution
		HideSolutionNode = FALSE
	EndGlobalSection
	GlobalSection(ExtensibilityGlobals) = postSolution
		SolutionGuid = {257CF270-6247-4E57-B1AA-B45F060EBB48}
	EndGlobalSection
EndGlobal
